
Microsoft Visual Studio Solution File, Format Version 12.00
# Visual Studio Version 16
VisualStudioVersion = 16.0.29509.3
MinimumVisualStudioVersion = 10.0.40219.1
Project("{FAE04EC0-301F-11D3-BF4B-00C04F79EFBC}") = "ProduNetCoreWeb", "ProduNetCoreWeb\ProduNetCoreWeb.csproj", "{73650713-6E32-45AC-9FC0-42686B6E0DB7}"
EndProject
Global
	GlobalSection(SolutionConfigurationPlatforms) = preSolution
		Debug|Any CPU = Debug|Any CPU
		Release|Any CPU = Release|Any CPU
	EndGlobalSection
	GlobalSection(ProjectConfigurationPlatforms) = postSolution
		{73650713-6E32-45AC-9FC0-42686B6E0DB7}.Debug|Any CPU.ActiveCfg = Debug|Any CPU
		{73650713-6E32-45AC-9FC0-42686B6E0DB7}.Debug|Any CPU.Build.0 = Debug|Any CPU
		{73650713-6E32-45AC-9FC0-42686B6E0DB7}.Release|Any CPU.ActiveCfg = Release|Any CPU
		{73650713-6E32-45AC-9FC0-42686B6E0DB7}.Release|Any CPU.Build.0 = Release|Any CPU
	EndGlobalSection
	GlobalSection(SolutionProperties) = preSolution
		HideSolutionNode = FALSE
	EndGlobalSection
	GlobalSection(ExtensibilityGlobals) = postSolution
		SolutionGuid = {22988C99-3822-487B-8ECE-1A985D0B6BBA}
	EndGlobalSection
EndGlobal
